
Microsoft Visual Studio Solution File, Format Version 12.00
# Visual Studio 15
VisualStudioVersion = 15.0.27428.2015
MinimumVisualStudioVersion = 10.0.40219.1
Project("{FAE04EC0-301F-11D3-BF4B-00C04F79EFBC}") = "BasicsOfCSharp", "BasicsOfCSharp\BasicsOfCSharp.csproj", "{92F7DA07-DE6D-4197-A05E-62D0905E95F6}"
EndProject
Global
	GlobalSection(SolutionConfigurationPlatforms) = preSolution
		Debug|Any CPU = Debug|Any CPU
		Release|Any CPU = Release|Any CPU
	EndGlobalSection
	GlobalSection(ProjectConfigurationPlatforms) = postSolution
		{92F7DA07-DE6D-4197-A05E-62D0905E95F6}.Debug|Any CPU.ActiveCfg = Debug|Any CPU
		{92F7DA07-DE6D-4197-A05E-62D0905E95F6}.Debug|Any CPU.Build.0 = Debug|Any CPU
		{92F7DA07-DE6D-4197-A05E-62D0905E95F6}.Release|Any CPU.ActiveCfg = Release|Any CPU
		{92F7DA07-DE6D-4197-A05E-62D0905E95F6}.Release|Any CPU.Build.0 = Release|Any CPU
	EndGlobalSection
	GlobalSection(SolutionProperties) = preSolution
		HideSolutionNode = FALSE
	EndGlobalSection
	GlobalSection(ExtensibilityGlobals) = postSolution
		SolutionGuid = {FE05EF3B-E54D-45BD-AFE5-08B6AABA675B}
	EndGlobalSection
EndGlobal
